
Microsoft Visual Studio Solution File, Format Version 12.00
# Visual Studio Version 16
VisualStudioVersion = 16.0.31624.102
MinimumVisualStudioVersion = 10.0.40219.1
Project("{FAE04EC0-301F-11D3-BF4B-00C04F79EFBC}") = "CartService.Contract", "CartService.Contract\CartService.Contract.csproj", "{22DABB58-4D70-40EF-8A30-95B0DB32D6DA}"
EndProject
Global
	GlobalSection(SolutionConfigurationPlatforms) = preSolution
		Debug|Any CPU = Debug|Any CPU
		Release|Any CPU = Release|Any CPU
	EndGlobalSection
	GlobalSection(ProjectConfigurationPlatforms) = postSolution
		{22DABB58-4D70-40EF-8A30-95B0DB32D6DA}.Debug|Any CPU.ActiveCfg = Debug|Any CPU
		{22DABB58-4D70-40EF-8A30-95B0DB32D6DA}.Debug|Any CPU.Build.0 = Debug|Any CPU
		{22DABB58-4D70-40EF-8A30-95B0DB32D6DA}.Release|Any CPU.ActiveCfg = Release|Any CPU
		{22DABB58-4D70-40EF-8A30-95B0DB32D6DA}.Release|Any CPU.Build.0 = Release|Any CPU
	EndGlobalSection
	GlobalSection(SolutionProperties) = preSolution
		HideSolutionNode = FALSE
	EndGlobalSection
	GlobalSection(ExtensibilityGlobals) = postSolution
		SolutionGuid = {4837FA2B-6269-424D-BB9F-BA5FC258A618}
	EndGlobalSection
EndGlobal
